<?xml version="1.0" encoding="utf-8"?>
<Project ToolsVersion="4.0" xmlns="http://schemas.microsoft.com/developer/msbuild/2003">
  <ItemGroup>
    <Filter Include="Ressourcendateien">
      <UniqueIdentifier>{67DA6AB6-F800-4c08-8B7A-83BB121AAD01}</UniqueIdentifier>
      <Extensions>rc;ico;cur;bmp;dlg;rc2;rct;bin;rgs;gif;jpg;jpeg;jpe;resx;tiff;tif;png;wav;mfcribbon-ms</Extensions>
    </Filter>
    <Filter Include="Headerdateien">
      <UniqueIdentifier>{93995380-89BD-4b04-88EB-625FBE52EBFB}</UniqueIdentifier>
      <Extensions>h;hpp;hxx;hm;inl;inc;xsd</Extensions>
    </Filter>
    <Filter Include="Quelldateien">
      <UniqueIdentifier>{4FC737F1-C7A5-4376-A066-2A32D752A2FF}</UniqueIdentifier>
      <Extensions>cpp;c;cc;cxx;def;odl;idl;hpj;bat;asm;asmx</Extensions>
    </Filter>
  </ItemGroup>
  <ItemGroup>
    <ClCompile Include="Main.cpp">
      <Filter>Quelldateien</Filter>
    </ClCompile>
    <ClCompile Include="Territory.cpp">
      <Filter>Quelldateien</Filter>
    </ClCompile>
    <ClCompile Include="GameBoard.cpp">
      <Filter>Quelldateien</Filter>
    </ClCompile>
    <ClCompile Include="Dice.cpp">
      <Filter>Quelldateien</Filter>
    </ClCompile>
    <ClCompile Include="BattleCalculation.cpp">
      <Filter>Quelldateien</Filter>
    </ClCompile>
    <ClCompile Include="Unit.cpp">
      <Filter>Quelldateien</Filter>
    </ClCompile>
    <ClCompile Include="Faction.cpp">
      <Filter>Quelldateien</Filter>
    </ClCompile>
    <ClCompile Include="Attack.cpp">
      <Filter>Quelldateien</Filter>
    </ClCompile>
    <ClCompile Include="AI.cpp">
      <Filter>Quelldateien</Filter>
    </ClCompile>
    <ClCompile Include="Turn.cpp">
      <Filter>Quelldateien</Filter>
    </ClCompile>
    <ClCompile Include="Player.cpp">
      <Filter>Quelldateien</Filter>
    </ClCompile>
    <ClCompile Include="Card.cpp">
      <Filter>Quelldateien</Filter>
    </ClCompile>
    <ClCompile Include="Data.cpp">
      <Filter>Quelldateien</Filter>
    </ClCompile>
  </ItemGroup>
  <ItemGroup>
    <ClInclude Include="Territory.h">
      <Filter>Headerdateien</Filter>
    </ClInclude>
    <ClInclude Include="GameBoard.h">
      <Filter>Headerdateien</Filter>
    </ClInclude>
    <ClInclude Include="Dice.h">
      <Filter>Headerdateien</Filter>
    </ClInclude>
    <ClInclude Include="BattleCalculation.h">
      <Filter>Headerdateien</Filter>
    </ClInclude>
    <ClInclude Include="Unit.h">
      <Filter>Headerdateien</Filter>
    </ClInclude>
    <ClInclude Include="Faction.h">
      <Filter>Headerdateien</Filter>
    </ClInclude>
    <ClInclude Include="Attack.h">
      <Filter>Headerdateien</Filter>
    </ClInclude>
    <ClInclude Include="AI.h">
      <Filter>Headerdateien</Filter>
    </ClInclude>
    <ClInclude Include="Turn.h">
      <Filter>Headerdateien</Filter>
    </ClInclude>
    <ClInclude Include="Player.h">
      <Filter>Headerdateien</Filter>
    </ClInclude>
    <ClInclude Include="Card.h">
      <Filter>Headerdateien</Filter>
    </ClInclude>
    <ClInclude Include="Data.h">
      <Filter>Headerdateien</Filter>
    </ClInclude>
    <ClInclude Include="resource.h">
      <Filter>Headerdateien</Filter>
    </ClInclude>
  </ItemGroup>
  <ItemGroup>
    <Text Include="data\brain.txt">
      <Filter>Ressourcendateien</Filter>
    </Text>
    <Text Include="data\terr_shapes_blue.txt">
      <Filter>Ressourcendateien</Filter>
    </Text>
    <Text Include="data\terr_shapes_red.txt">
      <Filter>Ressourcendateien</Filter>
    </Text>
    <Text Include="data\terr_shapes_yell.txt">
      <Filter>Ressourcendateien</Filter>
    </Text>
  </ItemGroup>
</Project>